PODS:
  - Cosmos (19.0.3)
  - TinyConstraints (4.0.1)

DEPENDENCIES:
  - Cosmos
  - TinyConstraints

SPEC REPOS:
  https://github.com/cocoapods/specs.git:
    - Cosmos
    - TinyConstraints

SPEC CHECKSUMS:
  Cosmos: a6fb17284281fa12cf4c85c2efecd440a215ec44
  TinyConstraints: 8dd91295e56797648c7bc335dd20e1d91ec4c192

PODFILE CHECKSUM: 513ed71287c25b43ec049ad0bb47c21ecce1335c

COCOAPODS: 1.7.5
